
Microsoft Visual Studio Solution File, Format Version 12.00
# Visual Studio 14
VisualStudioVersion = 14.0.23107.0
MinimumVisualStudioVersion = 10.0.40219.1
Project("{FAE04EC0-301F-11D3-BF4B-00C04F79EFBC}") = "Projeto.Financeiro.Web.UI", "Projeto.Financeiro.Web\Projeto.Financeiro.Web.UI.csproj", "{EA2295C8-84B0-455B-8501-616E3ADB4E94}"
EndProject
Project("{FAE04EC0-301F-11D3-BF4B-00C04F79EFBC}") = "Projeto.Financeiro.Dominio", "Projeto.Financeiro.Dominio\Projeto.Financeiro.Dominio.csproj", "{CC3C079E-F3F0-432C-B844-2DAAF1EBEA14}"
EndProject
Project("{FAE04EC0-301F-11D3-BF4B-00C04F79EFBC}") = "Projeto.Financeiro.Aplicacao", "Projeto.Financeiro.Aplicacao\Projeto.Financeiro.Aplicacao.csproj", "{245AFE31-6CD1-480B-A510-FF1722BC86F6}"
EndProject
Project("{FAE04EC0-301F-11D3-BF4B-00C04F79EFBC}") = "Projeto.Financeiro.RepositorioEF", "Projeto.Financeiro.RepositorioEF\Projeto.Financeiro.RepositorioEF.csproj", "{16A02D94-2F00-4DB0-BE3F-5858228CE73B}"
EndProject
Global
	GlobalSection(SolutionConfigurationPlatforms) = preSolution
		Debug|Any CPU = Debug|Any CPU
		Release|Any CPU = Release|Any CPU
	EndGlobalSection
	GlobalSection(ProjectConfigurationPlatforms) = postSolution
		{EA2295C8-84B0-455B-8501-616E3ADB4E94}.Debug|Any CPU.ActiveCfg = Debug|Any CPU
		{EA2295C8-84B0-455B-8501-616E3ADB4E94}.Debug|Any CPU.Build.0 = Debug|Any CPU
		{EA2295C8-84B0-455B-8501-616E3ADB4E94}.Release|Any CPU.ActiveCfg = Release|Any CPU
		{EA2295C8-84B0-455B-8501-616E3ADB4E94}.Release|Any CPU.Build.0 = Release|Any CPU
		{CC3C079E-F3F0-432C-B844-2DAAF1EBEA14}.Debug|Any CPU.ActiveCfg = Debug|Any CPU
		{CC3C079E-F3F0-432C-B844-2DAAF1EBEA14}.Debug|Any CPU.Build.0 = Debug|Any CPU
		{CC3C079E-F3F0-432C-B844-2DAAF1EBEA14}.Release|Any CPU.ActiveCfg = Release|Any CPU
		{CC3C079E-F3F0-432C-B844-2DAAF1EBEA14}.Release|Any CPU.Build.0 = Release|Any CPU
		{245AFE31-6CD1-480B-A510-FF1722BC86F6}.Debug|Any CPU.ActiveCfg = Debug|Any CPU
		{245AFE31-6CD1-480B-A510-FF1722BC86F6}.Debug|Any CPU.Build.0 = Debug|Any CPU
		{245AFE31-6CD1-480B-A510-FF1722BC86F6}.Release|Any CPU.ActiveCfg = Release|Any CPU
		{245AFE31-6CD1-480B-A510-FF1722BC86F6}.Release|Any CPU.Build.0 = Release|Any CPU
		{16A02D94-2F00-4DB0-BE3F-5858228CE73B}.Debug|Any CPU.ActiveCfg = Debug|Any CPU
		{16A02D94-2F00-4DB0-BE3F-5858228CE73B}.Debug|Any CPU.Build.0 = Debug|Any CPU
		{16A02D94-2F00-4DB0-BE3F-5858228CE73B}.Release|Any CPU.ActiveCfg = Release|Any CPU
		{16A02D94-2F00-4DB0-BE3F-5858228CE73B}.Release|Any CPU.Build.0 = Release|Any CPU
	EndGlobalSection
	GlobalSection(SolutionProperties) = preSolution
		HideSolutionNode = FALSE
	EndGlobalSection
EndGlobal
